{
  "version": 4,
  "terraform_version": "1.10.4",
  "serial": 18,
  "lineage": "7637cb9d-a05a-1075-9f83-59e771b2fe60",
  "outputs": {},
  "resources": [
    {
      "mode": "data",
      "type": "aws_eks_cluster_auth",
      "name": "eks_auth",
      "provider": "provider[\"registry.terraform.io/hashicorp/aws\"]",
      "instances": [
        {
          "schema_version": 0,
          "attributes": {
            "id": "mahi-eks-cluster",
            "name": "mahi-eks-cluster",
            "token": "k8s-aws-v1.aHR0cHM6Ly9zdHMudXMtZWFzdC0xLmFtYXpvbmF3cy5jb20vP0FjdGlvbj1HZXRDYWxsZXJJZGVudGl0eSZWZXJzaW9uPTIwMTEtMDYtMTUmWC1BbXotQWxnb3JpdGhtPUFXUzQtSE1BQy1TSEEyNTYmWC1BbXotQ3JlZGVudGlhbD1BU0lBWExRS0VTUjVMUFkzRUFQWCUyRjIwMjUwMTIwJTJGdXMtZWFzdC0xJTJGc3RzJTJGYXdzNF9yZXF1ZXN0JlgtQW16LURhdGU9MjAyNTAxMjBUMTUwNTQ2WiZYLUFtei1FeHBpcmVzPTAmWC1BbXotU2VjdXJpdHktVG9rZW49SVFvSmIzSnBaMmx1WDJWakVLJTJGJTJGJTJGJTJGJTJGJTJGJTJGJTJGJTJGJTJGJTJGd0VhQ1hWekxXVmhjM1F0TVNKR01FUUNJRTlkWGJHdlBQUFNlUXhCazZnTGVzNzlUa1JOa2phcm9yUDhRZWJNa1NwVEFpQnd6TEs4JTJCcng5cExPRWdQSFgwNEhwNCUyQm5ZTXJYRVN3TFU4QmFYS2w0bWdpciUyRkFnaW8lMkYlMkYlMkYlMkYlMkYlMkYlMkYlMkYlMkYlMkY4QkVBQWFERFV3TlRjMU16WTNNRGMzT0NJTXpQOGdtb1J2U1ZHeTVRM01LdE1Db1FYZTV1eTRqQVk2UG1TUTlyTUhWN3F6Z01ScjFzJTJGWTM3Zzl2MXglMkZwOExvYVN4d0pQJTJGeTJuOXFBUiUyRjkyUzNZNERNeUh1TXpsMjRIOVZ4bXJMd1RLemNCSnkzQzFoQXFhJTJGam1JbG1aMWRtMUhoVCUyRkt5dHcxQkU3VmJ5NVd6VzNNYU04NVNwN29MMDdNVXhuUXllZlNJa3lvY1JpUyUyQnB2cU0lMkZ2TmhpTmJHOXZ4amh1Vzd6WVdUNlh5U2hWakV5WFplYlJha2lpc0pXZjR3MXRPRkMlMkIzQnhyVXRObWJRNCUyRng5NGp1a1VlalQwOFlXVFI4cDUwMUMlMkZ0MHJPZGp4dWVEekF5T1FtbFJUbG1XTUs4VXJPRSUyRjRIM0Fpd2JaRDVWM1h4blBSeGFtOWNMbCUyQjJVNXVDWnElMkZBNGJqQVZ2WXNST0hSblJhRVdFcjNjVEJzU3pSNENhVVFzdDB3SDNxbCUyQlNpOENDTVBySUElMkJjRjJrWm5FY1RFV1k4ajZmTHc5UUdhREhJa2xNQU05UiUyRnclMkZoJTJGYjBDT2pxWHNrTUslMkZta3M2N01hUzZ4b0hwUURKUHRNcmpiYmpHNE5XdXlZVEJ6UkpxMkk5TU4yJTJGdWJ3R09xZ0JJMXlJcThUY1V3VHRta1lrdUxrVDhJUjB6bDdabVhleDNlWlc1UXJJOGdCVUhSaFQxcGclMkZYdTRPMVF3YVBLeUVMNTVlTWYzbkc1b1FlazYzV0FTem54V2tkd1klMkJBanF1WiUyQnh6aExieEYzTk8weEFlMGcxSmhwSFNXWmNoaXZ1Sk4wOGUxZWtEc2JwcVVNQ0I2TmEyTFAwJTJGVjlSRTE1b2klMkJabCUyRmRxUHprSUs0cUFFbzNTNGhsTXZORktXdERCY0NKeXN4UnZQenJWcDRCJTJGbDRkbXJlMm9VeUtndHpFMUNFJlgtQW16LVNpZ25lZEhlYWRlcnM9aG9zdCUzQngtazhzLWF3cy1pZCZYLUFtei1TaWduYXR1cmU9MzNjZWFhZmU4MDdjZjI2MGJkNDA4MTQ0OWYyYWFiNzRmN2Q4Zjk2NGMwZjhiNDdlYjdjM2IwNzFkODQxNWYwYg"
          },
          "sensitive_attributes": [
            [
              {
                "type": "get_attr",
                "value": "token"
              }
            ]
          ]
        }
      ]
    },
    {
      "mode": "managed",
      "type": "aws_eks_cluster",
      "name": "eks_cluster",
      "provider": "provider[\"registry.terraform.io/hashicorp/aws\"]",
      "instances": [
        {
          "schema_version": 1,
          "attributes": {
            "access_config": [
              {
                "authentication_mode": "CONFIG_MAP",
                "bootstrap_cluster_creator_admin_permissions": true
              }
            ],
            "arn": "arn:aws:eks:us-east-1:505753670778:cluster/mahi-eks-cluster",
            "bootstrap_self_managed_addons": true,
            "certificate_authority": [
              {
                "data": "LS0tLS1CRUdJTiBDRVJUSUZJQ0FURS0tLS0tCk1JSURCVENDQWUyZ0F3SUJBZ0lJREtINlRmVnJwb0F3RFFZSktvWklodmNOQVFFTEJRQXdGVEVUTUJFR0ExVUUKQXhNS2EzVmlaWEp1WlhSbGN6QWVGdzB5TlRBeE1qQXhORFUzTVRCYUZ3MHpOVEF4TVRneE5UQXlNVEJhTUJVeApFekFSQmdOVkJBTVRDbXQxWW1WeWJtVjBaWE13Z2dFaU1BMEdDU3FHU0liM0RRRUJBUVVBQTRJQkR3QXdnZ0VLCkFvSUJBUURwRWhCNm9SRnJQV2VjNlFUOTM2dDVxWUkvK09Uc3VaV2ozT1BuM0tTMGtKZ3RoUlhZazdNUnZJNWcKVE8vVmJJalB6bHZRQ0kxQ1BUcmt2ZUFXRitrOXVOWGQ1NzMvTlV5cm9jNzV0ODcxemw4VktBdG9pRk1vNEtHVQpkdDZhd2wyWm5kWHRHTFpkajY5ZVVIdDh4elpYMHhRVVpjbUhPQzkvWnc5QkVKTE1TZjdHMlg0cVdNNy9TdlNMCmIra1NwQWRjRjhPaGdIaEFCWkJtU0NNckkrbnJZQWtGalRrZEF4QXYvdjNOSVRyZ3BhanVHVDZ2RXkvZFNYeFgKeEpzVWt3U3N3YkJ3RVQ3em0rZ2xFQUN6MUgyTkhXQTlnNWNRUjRuVXFXYTFUWk9VRGpURmlnVXNJcVZMRm81Zgprc2paeVV4LzZ2Y21VYldEK3BkL2J2NGxVYTU1QWdNQkFBR2pXVEJYTUE0R0ExVWREd0VCL3dRRUF3SUNwREFQCkJnTlZIUk1CQWY4RUJUQURBUUgvTUIwR0ExVWREZ1FXQkJTS0NYMUN5UXhvRkpzbndsWHpRVGNSY0hMbVVEQVYKQmdOVkhSRUVEakFNZ2dwcmRXSmxjbTVsZEdWek1BMEdDU3FHU0liM0RRRUJDd1VBQTRJQkFRRFpDdGg4ZjF4OAp2dTBPL2ZpSU5Gb0N5ZXZJbHBRQlc4SlZ2TU13VU1CRVhGcVJTY0YzSFZKU094Vk02YXFPZ3B4U21aOTViYVhGCktQVkxwbzVPWDZDSmpyRkJGbUV1NDlxZ2YxN3NkRFo2ZWQxTXVqV24rUGZjejBvdTBPZnZwQ1ZrSENkL3RETWQKYlVoQTVCN21KdnVNVXdFSlpieGZNeGt4cGE0RGhFNXhXRUduV0YreHF5b0EyaGViZTVycVhHV1YyYTlya2hSdgo1cmtWKzlRY2kybVpXdGplSlgwSW56QjNXQ3BzRkE3NkF1emZYU3ZGL3lwMERQTXVKMlhmRGhiME9OcVJQR3AwCkNYbWlMSFVwMFhKNitSUS8yOTQvZERGM25DSFVPWExzUlBPQXpwRm1zeWEvRHhENnlwendjQmx5YjVEYWxzQ1IKUU90MjFpQVRkcncwCi0tLS0tRU5EIENFUlRJRklDQVRFLS0tLS0K"
              }
            ],
            "cluster_id": null,
            "compute_config": [],
            "created_at": "2025-01-20T14:56:33Z",
            "enabled_cluster_log_types": null,
            "encryption_config": [],
            "endpoint": "https://6C92F4DC560377A1B6F4BBCC3540A16D.yl4.us-east-1.eks.amazonaws.com",
            "id": "mahi-eks-cluster",
            "identity": [
              {
                "oidc": [
                  {
                    "issuer": "https://oidc.eks.us-east-1.amazonaws.com/id/6C92F4DC560377A1B6F4BBCC3540A16D"
                  }
                ]
              }
            ],
            "kubernetes_network_config": [
              {
                "elastic_load_balancing": [
                  {
                    "enabled": false
                  }
                ],
                "ip_family": "ipv4",
                "service_ipv4_cidr": "172.20.0.0/16",
                "service_ipv6_cidr": ""
              }
            ],
            "name": "mahi-eks-cluster",
            "outpost_config": [],
            "platform_version": "eks.17",
            "remote_network_config": [],
            "role_arn": "arn:aws:iam::505753670778:role/mahi-eks-cluster-role",
            "status": "ACTIVE",
            "storage_config": [],
            "tags": null,
            "tags_all": {},
            "timeouts": null,
            "upgrade_policy": [
              {
                "support_type": "EXTENDED"
              }
            ],
            "version": "1.31",
            "vpc_config": [
              {
                "cluster_security_group_id": "sg-07ee5891c2f4209a5",
                "endpoint_private_access": false,
                "endpoint_public_access": true,
                "public_access_cidrs": [
                  "0.0.0.0/0"
                ],
                "security_group_ids": null,
                "subnet_ids": [
                  "subnet-09bac8ba7821a3b10",
                  "subnet-0b60c625da8bd7aa2",
                  "subnet-0c1231315270a48df"
                ],
                "vpc_id": "vpc-0af98d8a62dfc0492"
              }
            ],
            "zonal_shift_config": []
          },
          "sensitive_attributes": [],
          "private": "eyJlMmJmYjczMC1lY2FhLTExZTYtOGY4OC0zNDM2M2JjN2M0YzAiOnsiY3JlYXRlIjoxODAwMDAwMDAwMDAwLCJkZWxldGUiOjkwMDAwMDAwMDAwMCwidXBkYXRlIjozNjAwMDAwMDAwMDAwfSwic2NoZW1hX3ZlcnNpb24iOiIxIn0=",
          "dependencies": [
            "aws_iam_role.eks_cluster_role",
            "aws_iam_role_policy_attachment.eks_cluster_policy_attach"
          ]
        }
      ]
    },
    {
      "mode": "managed",
      "type": "aws_eks_node_group",
      "name": "node_grp",
      "provider": "provider[\"registry.terraform.io/hashicorp/aws\"]",
      "instances": [
        {
          "schema_version": 0,
          "attributes": {
            "ami_type": "AL2023_x86_64_STANDARD",
            "arn": "arn:aws:eks:us-east-1:505753670778:nodegroup/mahi-eks-cluster/mahi-node-grp/12ca421f-d3ca-6d8b-bb0a-dd094db7b100",
            "capacity_type": "ON_DEMAND",
            "cluster_name": "mahi-eks-cluster",
            "disk_size": 20,
            "force_update_version": null,
            "id": "mahi-eks-cluster:mahi-node-grp",
            "instance_types": [
              "t3.medium"
            ],
            "labels": null,
            "launch_template": [],
            "node_group_name": "mahi-node-grp",
            "node_group_name_prefix": "",
            "node_repair_config": [],
            "node_role_arn": "arn:aws:iam::505753670778:role/mahi-nodeGroupRole",
            "release_version": "1.31.4-20250116",
            "remote_access": [],
            "resources": [
              {
                "autoscaling_groups": [
                  {
                    "name": "eks-mahi-node-grp-12ca421f-d3ca-6d8b-bb0a-dd094db7b100"
                  }
                ],
                "remote_access_security_group_id": ""
              }
            ],
            "scaling_config": [
              {
                "desired_size": 3,
                "max_size": 3,
                "min_size": 2
              }
            ],
            "status": "ACTIVE",
            "subnet_ids": [
              "subnet-09bac8ba7821a3b10",
              "subnet-0b60c625da8bd7aa2",
              "subnet-0c1231315270a48df"
            ],
            "tags": null,
            "tags_all": {},
            "taint": [],
            "timeouts": null,
            "update_config": [
              {
                "max_unavailable": 1,
                "max_unavailable_percentage": 0
              }
            ],
            "version": "1.31"
          },
          "sensitive_attributes": [],
          "private": "eyJlMmJmYjczMC1lY2FhLTExZTYtOGY4OC0zNDM2M2JjN2M0YzAiOnsiY3JlYXRlIjozNjAwMDAwMDAwMDAwLCJkZWxldGUiOjM2MDAwMDAwMDAwMDAsInVwZGF0ZSI6MzYwMDAwMDAwMDAwMH19",
          "dependencies": [
            "aws_eks_cluster.eks_cluster",
            "aws_iam_role.eks_cluster_role",
            "aws_iam_role.node_group_role",
            "aws_iam_role_policy_attachment.eks_cluster_policy_attach"
          ]
        }
      ]
    },
    {
      "mode": "managed",
      "type": "aws_iam_role",
      "name": "eks_cluster_role",
      "provider": "provider[\"registry.terraform.io/hashicorp/aws\"]",
      "instances": [
        {
          "schema_version": 0,
          "attributes": {
            "arn": "arn:aws:iam::505753670778:role/mahi-eks-cluster-role",
            "assume_role_policy": "{\"Statement\":[{\"Action\":\"sts:AssumeRole\",\"Effect\":\"Allow\",\"Principal\":{\"Service\":[\"eks.amazonaws.com\"]}}],\"Version\":\"2012-10-17\"}",
            "create_date": "2025-01-20T14:56:28Z",
            "description": "",
            "force_detach_policies": false,
            "id": "mahi-eks-cluster-role",
            "inline_policy": [],
            "managed_policy_arns": [],
            "max_session_duration": 3600,
            "name": "mahi-eks-cluster-role",
            "name_prefix": "",
            "path": "/",
            "permissions_boundary": "",
            "tags": null,
            "tags_all": {},
            "unique_id": "AROAXLQKESR5BRAEF3KYR"
          },
          "sensitive_attributes": [],
          "private": "bnVsbA=="
        }
      ]
    },
    {
      "mode": "managed",
      "type": "aws_iam_role",
      "name": "node_group_role",
      "provider": "provider[\"registry.terraform.io/hashicorp/aws\"]",
      "instances": [
        {
          "schema_version": 0,
          "attributes": {
            "arn": "arn:aws:iam::505753670778:role/mahi-nodeGroupRole",
            "assume_role_policy": "{\"Statement\":[{\"Action\":\"sts:AssumeRole\",\"Effect\":\"Allow\",\"Principal\":{\"Service\":[\"ec2.amazonaws.com\"]}}],\"Version\":\"2012-10-17\"}",
            "create_date": "2025-01-20T14:56:28Z",
            "description": "",
            "force_detach_policies": false,
            "id": "mahi-nodeGroupRole",
            "inline_policy": [],
            "managed_policy_arns": [],
            "max_session_duration": 3600,
            "name": "mahi-nodeGroupRole",
            "name_prefix": "",
            "path": "/",
            "permissions_boundary": "",
            "tags": null,
            "tags_all": {},
            "unique_id": "AROAXLQKESR5NLWKDJPKR"
          },
          "sensitive_attributes": [],
          "private": "bnVsbA=="
        }
      ]
    },
    {
      "mode": "managed",
      "type": "aws_iam_role_policy_attachment",
      "name": "eks_cluster_policy_attach",
      "provider": "provider[\"registry.terraform.io/hashicorp/aws\"]",
      "instances": [
        {
          "schema_version": 0,
          "attributes": {
            "id": "mahi-eks-cluster-role-20250120145625871900000004",
            "policy_arn": "arn:aws:iam::aws:policy/AmazonEKSClusterPolicy",
            "role": "mahi-eks-cluster-role"
          },
          "sensitive_attributes": [],
          "private": "bnVsbA==",
          "dependencies": [
            "aws_iam_role.eks_cluster_role"
          ]
        }
      ]
    },
    {
      "mode": "managed",
      "type": "aws_iam_role_policy_attachment",
      "name": "node_policy_attach",
      "provider": "provider[\"registry.terraform.io/hashicorp/aws\"]",
      "instances": [
        {
          "index_key": 0,
          "schema_version": 0,
          "attributes": {
            "id": "mahi-nodeGroupRole-20250120145625838300000003",
            "policy_arn": "arn:aws:iam::aws:policy/AmazonEKSWorkerNodePolicy",
            "role": "mahi-nodeGroupRole"
          },
          "sensitive_attributes": [],
          "private": "bnVsbA==",
          "dependencies": [
            "aws_iam_role.node_group_role"
          ]
        },
        {
          "index_key": 1,
          "schema_version": 0,
          "attributes": {
            "id": "mahi-nodeGroupRole-20250120145625538300000002",
            "policy_arn": "arn:aws:iam::aws:policy/AmazonEC2ContainerRegistryReadOnly",
            "role": "mahi-nodeGroupRole"
          },
          "sensitive_attributes": [],
          "private": "bnVsbA==",
          "dependencies": [
            "aws_iam_role.node_group_role"
          ]
        },
        {
          "index_key": 2,
          "schema_version": 0,
          "attributes": {
            "id": "mahi-nodeGroupRole-20250120145625495200000001",
            "policy_arn": "arn:aws:iam::aws:policy/AmazonEKS_CNI_Policy",
            "role": "mahi-nodeGroupRole"
          },
          "sensitive_attributes": [],
          "private": "bnVsbA==",
          "dependencies": [
            "aws_iam_role.node_group_role"
          ]
        }
      ]
    },
    {
      "mode": "managed",
      "type": "kubernetes_cluster_role",
      "name": "admin_role",
      "provider": "provider[\"registry.terraform.io/hashicorp/kubernetes\"]",
      "instances": [
        {
          "schema_version": 0,
          "attributes": {
            "aggregation_rule": [],
            "id": "mahi-cluster-admin-role",
            "metadata": [
              {
                "annotations": null,
                "generate_name": "",
                "generation": 0,
                "labels": null,
                "name": "mahi-cluster-admin-role",
                "resource_version": "833",
                "uid": "8247f985-d4c1-463f-a7a2-6a3e4f0208f7"
              }
            ],
            "rule": [
              {
                "api_groups": [
                  "*"
                ],
                "non_resource_urls": null,
                "resource_names": null,
                "resources": [
                  "*"
                ],
                "verbs": [
                  "*"
                ]
              }
            ]
          },
          "sensitive_attributes": [],
          "private": "bnVsbA==",
          "dependencies": [
            "aws_eks_cluster.eks_cluster",
            "aws_iam_role.eks_cluster_role",
            "aws_iam_role_policy_attachment.eks_cluster_policy_attach",
            "data.aws_eks_cluster_auth.eks_auth"
          ]
        }
      ]
    },
    {
      "mode": "managed",
      "type": "kubernetes_cluster_role",
      "name": "automation_role",
      "provider": "provider[\"registry.terraform.io/hashicorp/kubernetes\"]",
      "instances": [
        {
          "schema_version": 0,
          "attributes": {
            "aggregation_rule": [],
            "id": "mahi-cluster-automation-role",
            "metadata": [
              {
                "annotations": null,
                "generate_name": "",
                "generation": 0,
                "labels": null,
                "name": "mahi-cluster-automation-role",
                "resource_version": "832",
                "uid": "3d6e2e4c-33b7-4bf6-b637-718f0dfd4209"
              }
            ],
            "rule": [
              {
                "api_groups": [
                  "*"
                ],
                "non_resource_urls": null,
                "resource_names": null,
                "resources": [
                  "*"
                ],
                "verbs": [
                  "*"
                ]
              }
            ]
          },
          "sensitive_attributes": [],
          "private": "bnVsbA==",
          "dependencies": [
            "aws_eks_cluster.eks_cluster",
            "aws_iam_role.eks_cluster_role",
            "aws_iam_role_policy_attachment.eks_cluster_policy_attach",
            "data.aws_eks_cluster_auth.eks_auth"
          ]
        }
      ]
    },
    {
      "mode": "managed",
      "type": "kubernetes_cluster_role_binding",
      "name": "admin_role_binding",
      "provider": "provider[\"registry.terraform.io/hashicorp/kubernetes\"]",
      "instances": [
        {
          "schema_version": 0,
          "attributes": {
            "id": "mahi-cluster-admin-binding",
            "metadata": [
              {
                "annotations": null,
                "generate_name": "",
                "generation": 0,
                "labels": null,
                "name": "mahi-cluster-admin-binding",
                "resource_version": "838",
                "uid": "64a266d0-46c8-4d22-866a-39b464924519"
              }
            ],
            "role_ref": [
              {
                "api_group": "rbac.authorization.k8s.io",
                "kind": "ClusterRole",
                "name": "mahi-cluster-admin-role"
              }
            ],
            "subject": [
              {
                "api_group": "rbac.authorization.k8s.io",
                "kind": "User",
                "name": "admin",
                "namespace": "default"
              }
            ]
          },
          "sensitive_attributes": [],
          "private": "bnVsbA==",
          "dependencies": [
            "aws_eks_cluster.eks_cluster",
            "aws_iam_role.eks_cluster_role",
            "aws_iam_role_policy_attachment.eks_cluster_policy_attach",
            "data.aws_eks_cluster_auth.eks_auth",
            "kubernetes_cluster_role.admin_role"
          ]
        }
      ]
    },
    {
      "mode": "managed",
      "type": "kubernetes_cluster_role_binding",
      "name": "automation_role_binding",
      "provider": "provider[\"registry.terraform.io/hashicorp/kubernetes\"]",
      "instances": [
        {
          "schema_version": 0,
          "attributes": {
            "id": "mahi-cluster-automation-binding",
            "metadata": [
              {
                "annotations": null,
                "generate_name": "",
                "generation": 0,
                "labels": null,
                "name": "mahi-cluster-automation-binding",
                "resource_version": "839",
                "uid": "6c9f0f18-c322-45ba-a302-41705483bad0"
              }
            ],
            "role_ref": [
              {
                "api_group": "rbac.authorization.k8s.io",
                "kind": "ClusterRole",
                "name": "mahi-cluster-automation-role"
              }
            ],
            "subject": [
              {
                "api_group": "rbac.authorization.k8s.io",
                "kind": "User",
                "name": "automation-usr",
                "namespace": "default"
              }
            ]
          },
          "sensitive_attributes": [],
          "private": "bnVsbA==",
          "dependencies": [
            "aws_eks_cluster.eks_cluster",
            "aws_iam_role.eks_cluster_role",
            "aws_iam_role_policy_attachment.eks_cluster_policy_attach",
            "data.aws_eks_cluster_auth.eks_auth",
            "kubernetes_cluster_role.automation_role"
          ]
        }
      ]
    },
    {
      "mode": "managed",
      "type": "kubernetes_config_map",
      "name": "aws_auth",
      "provider": "provider[\"registry.terraform.io/hashicorp/kubernetes\"]",
      "instances": [
        {
          "schema_version": 0,
          "attributes": {
            "binary_data": null,
            "data": null,
            "id": "kube-system/aws-auth",
            "immutable": false,
            "metadata": [
              {
                "annotations": null,
                "generate_name": "",
                "generation": 0,
                "labels": null,
                "name": "aws-auth",
                "namespace": "kube-system",
                "resource_version": "844",
                "uid": "f8732f70-bb18-4b07-ae21-f1a673b9077d"
              }
            ]
          },
          "sensitive_attributes": [],
          "private": "bnVsbA==",
          "dependencies": [
            "aws_eks_cluster.eks_cluster",
            "aws_iam_role.eks_cluster_role",
            "aws_iam_role_policy_attachment.eks_cluster_policy_attach",
            "data.aws_eks_cluster_auth.eks_auth",
            "kubernetes_cluster_role.admin_role",
            "kubernetes_cluster_role.automation_role",
            "kubernetes_cluster_role_binding.admin_role_binding",
            "kubernetes_cluster_role_binding.automation_role_binding"
          ]
        }
      ]
    }
  ],
  "check_results": null
}
